<?xml version="1.0" encoding="utf-8"?>
<Project ToolsVersion="4.0" xmlns="http://schemas.microsoft.com/developer/msbuild/2003">
  <ItemGroup>
    <Filter Include="Archivos de origen">
      <UniqueIdentifier>{4FC737F1-C7A5-4376-A066-2A32D752A2FF}</UniqueIdentifier>
      <Extensions>cpp;c;cc;cxx;c++;cppm;ixx;def;odl;idl;hpj;bat;asm;asmx</Extensions>
    </Filter>
    <Filter Include="Archivos de encabezado">
      <UniqueIdentifier>{93995380-89BD-4b04-88EB-625FBE52EBFB}</UniqueIdentifier>
      <Extensions>h;hh;hpp;hxx;h++;hm;inl;inc;ipp;xsd</Extensions>
    </Filter>
    <Filter Include="Archivos de recursos">
      <UniqueIdentifier>{67DA6AB6-F800-4c08-8B7A-83BB121AAD01}</UniqueIdentifier>
      <Extensions>rc;ico;cur;bmp;dlg;rc2;rct;bin;rgs;gif;jpg;jpeg;jpe;resx;tiff;tif;png;wav;mfcribbon-ms</Extensions>
    </Filter>
    <Filter Include="Archivos de origen\UI origen">
      <UniqueIdentifier>{760973f3-4ca1-451e-ad2f-0cf824dd1ad3}</UniqueIdentifier>
    </Filter>
    <Filter Include="Archivos de encabezado\UI encabezado">
      <UniqueIdentifier>{f3297549-60db-4644-804d-70c166d311e6}</UniqueIdentifier>
    </Filter>
    <Filter Include="Archivos de encabezado\Imgui encabezado">
      <UniqueIdentifier>{393420be-7687-4940-9b4c-280408e7ba77}</UniqueIdentifier>
    </Filter>
    <Filter Include="Archivos de origen\Imgui origen">
      <UniqueIdentifier>{b581f178-1004-4610-8e74-dd6f782cee17}</UniqueIdentifier>
    </Filter>
    <Filter Include="Archivos de encabezado\UI encabezado\MenuBar encabezado">
      <UniqueIdentifier>{20b15a2d-76ad-49dc-8606-19f17b39dbe0}</UniqueIdentifier>
    </Filter>
    <Filter Include="Archivos de origen\UI origen\MenuBar origen">
      <UniqueIdentifier>{ee2d0f53-79b4-4bcc-b1c0-05e6178a3938}</UniqueIdentifier>
    </Filter>
  </ItemGroup>
  <ItemGroup>
    <ClCompile Include="main.cpp">
      <Filter>Archivos de origen</Filter>
    </ClCompile>
    <ClCompile Include="MainFacade.cpp">
      <Filter>Archivos de origen\UI origen</Filter>
    </ClCompile>
    <ClCompile Include="imgui\imgui.cpp">
      <Filter>Archivos de origen\Imgui origen</Filter>
    </ClCompile>
    <ClCompile Include="imgui\imgui_demo.cpp">
      <Filter>Archivos de origen\Imgui origen</Filter>
    </ClCompile>
    <ClCompile Include="imgui\imgui_draw.cpp">
      <Filter>Archivos de origen\Imgui origen</Filter>
    </ClCompile>
    <ClCompile Include="imgui\imgui_tables.cpp">
      <Filter>Archivos de origen\Imgui origen</Filter>
    </ClCompile>
    <ClCompile Include="imgui\imgui_widgets.cpp">
      <Filter>Archivos de origen\Imgui origen</Filter>
    </ClCompile>
    <ClCompile Include="imgui\imgui-SFML.cpp">
      <Filter>Archivos de origen\Imgui origen</Filter>
    </ClCompile>
    <ClCompile Include="MenuBar.cpp">
      <Filter>Archivos de origen\UI origen\MenuBar origen</Filter>
    </ClCompile>
  </ItemGroup>
  <ItemGroup>
    <ClInclude Include="MainFacade.h">
      <Filter>Archivos de encabezado\UI encabezado</Filter>
    </ClInclude>
    <ClInclude Include="Icons\IconsFontAwesome5.h">
      <Filter>Archivos de encabezado\Imgui encabezado</Filter>
    </ClInclude>
    <ClInclude Include="imgui\imconfig.h">
      <Filter>Archivos de encabezado\Imgui encabezado</Filter>
    </ClInclude>
    <ClInclude Include="imgui\imconfig-SFML.h">
      <Filter>Archivos de encabezado\Imgui encabezado</Filter>
    </ClInclude>
    <ClInclude Include="imgui\imgui.h">
      <Filter>Archivos de encabezado\Imgui encabezado</Filter>
    </ClInclude>
    <ClInclude Include="imgui\imgui_internal.h">
      <Filter>Archivos de encabezado\Imgui encabezado</Filter>
    </ClInclude>
    <ClInclude Include="imgui\imgui-SFML.h">
      <Filter>Archivos de encabezado\Imgui encabezado</Filter>
    </ClInclude>
    <ClInclude Include="imgui\imgui-SFML_export.h">
      <Filter>Archivos de encabezado\Imgui encabezado</Filter>
    </ClInclude>
    <ClInclude Include="imgui\imstb_rectpack.h">
      <Filter>Archivos de encabezado\Imgui encabezado</Filter>
    </ClInclude>
    <ClInclude Include="imgui\imstb_textedit.h">
      <Filter>Archivos de encabezado\Imgui encabezado</Filter>
    </ClInclude>
    <ClInclude Include="imgui\imstb_truetype.h">
      <Filter>Archivos de encabezado\Imgui encabezado</Filter>
    </ClInclude>
    <ClInclude Include="MenuBar.h">
      <Filter>Archivos de encabezado\UI encabezado\MenuBar encabezado</Filter>
    </ClInclude>
  </ItemGroup>
</Project>